
Microsoft Visual Studio Solution File, Format Version 12.00
# Visual Studio 15
VisualStudioVersion = 15.0.26730.12
MinimumVisualStudioVersion = 10.0.40219.1
Project("{FAE04EC0-301F-11D3-BF4B-00C04F79EFBC}") = "AguaSB", "AguaSB\AguaSB.csproj", "{FC378380-823E-4FDE-8525-73C2D4992B3A}"
	ProjectSection(ProjectDependencies) = postProject
		{E5D9409A-5D0D-45D9-B899-2917B4003491} = {E5D9409A-5D0D-45D9-B899-2917B4003491}
		{1D5A2FCA-1A34-42A8-9D7F-5C3132C71B50} = {1D5A2FCA-1A34-42A8-9D7F-5C3132C71B50}
	EndProjectSection
EndProject
Project("{FAE04EC0-301F-11D3-BF4B-00C04F79EFBC}") = "AguaSB.Utilerias", "AguaSB.Utilerias\AguaSB.Utilerias.csproj", "{61188B63-728A-4C7B-B19D-11ABD1F64F4F}"
EndProject
Project("{FAE04EC0-301F-11D3-BF4B-00C04F79EFBC}") = "AguaSB.Navegacion", "AguaSB.Navegacion\AguaSB.Navegacion.csproj", "{B51B553C-10D5-47EA-93BB-DECED914D5F6}"
EndProject
Project("{FAE04EC0-301F-11D3-BF4B-00C04F79EFBC}") = "AguaSB.Navegacion.Tests", "AguaSB.Navegacion.Tests\AguaSB.Navegacion.Tests.csproj", "{5608EDD1-CDEE-4331-A4D2-3BC6F88656E4}"
EndProject
Project("{FAE04EC0-301F-11D3-BF4B-00C04F79EFBC}") = "GGUtils.MVVM.Async", "GGUtils.MVVM.Async\GGUtils.MVVM.Async.csproj", "{0B78E13E-F73B-4A97-8AF4-133A111E4416}"
EndProject
Project("{FAE04EC0-301F-11D3-BF4B-00C04F79EFBC}") = "GGUtils.MVVM.Async.Tests", "GGUtils.MVVM.Async.Tests\GGUtils.MVVM.Async.Tests.csproj", "{324D196B-579B-4A2C-8D44-A8DC6B9A1995}"
EndProject
Project("{FAE04EC0-301F-11D3-BF4B-00C04F79EFBC}") = "AguaSB.Usuarios.ViewModels", "AguaSB.Usuarios.ViewModels\AguaSB.Usuarios.ViewModels.csproj", "{1D5A2FCA-1A34-42A8-9D7F-5C3132C71B50}"
EndProject
Project("{FAE04EC0-301F-11D3-BF4B-00C04F79EFBC}") = "AguaSB.Estilos", "AguaSB.Estilos\AguaSB.Estilos.csproj", "{84C1223E-9EBC-41F4-A7D2-E447F7D6B188}"
EndProject
Project("{FAE04EC0-301F-11D3-BF4B-00C04F79EFBC}") = "AguaSB.Usuarios.Views", "AguaSB.Usuarios.Views\AguaSB.Usuarios.Views.csproj", "{E5D9409A-5D0D-45D9-B899-2917B4003491}"
EndProject
Project("{FAE04EC0-301F-11D3-BF4B-00C04F79EFBC}") = "AguaSB.Views.Tests", "AguaSB.Views.Tests\AguaSB.Views.Tests.csproj", "{234E3065-289E-4BDC-AB89-356B81035ED8}"
EndProject
Project("{FAE04EC0-301F-11D3-BF4B-00C04F79EFBC}") = "AguaSB.Extensiones", "AguaSB.Extensiones\AguaSB.Extensiones.csproj", "{E912E081-7F7F-4B93-83AC-35F8FBF07DBE}"
EndProject
Project("{FAE04EC0-301F-11D3-BF4B-00C04F79EFBC}") = "AguaSB.ViewModels", "AguaSB.ViewModels\AguaSB.ViewModels.csproj", "{66436B98-0E59-4DF2-A29F-B14D157C1FA4}"
EndProject
Project("{FAE04EC0-301F-11D3-BF4B-00C04F79EFBC}") = "AguaSB.Nucleo", "AguaSB.Nucleo\AguaSB.Nucleo.csproj", "{10E1E718-EA42-4519-BAA2-7CD3C21B442A}"
EndProject
Project("{FAE04EC0-301F-11D3-BF4B-00C04F79EFBC}") = "AguaSB.Datos", "AguaSB.Datos\AguaSB.Datos.csproj", "{965235B6-229E-4AEE-A759-F16DD1EE58F1}"
EndProject
Project("{FAE04EC0-301F-11D3-BF4B-00C04F79EFBC}") = "AguaSB.Views", "AguaSB.Views\AguaSB.Views.csproj", "{2FB7CB7E-CAB1-47CC-A509-8DAA4408B580}"
EndProject
Project("{FAE04EC0-301F-11D3-BF4B-00C04F79EFBC}") = "AguaSB.Notificaciones", "AguaSB.Notificaciones\AguaSB.Notificaciones.csproj", "{39485A38-6CB1-40ED-BBC4-E4E2B8F1F74F}"
EndProject
Project("{FAE04EC0-301F-11D3-BF4B-00C04F79EFBC}") = "AguaSB.Operaciones", "AguaSB.Operaciones\AguaSB.Operaciones.csproj", "{EE89AE19-8F49-4F82-BEAB-6A8A75D1F907}"
EndProject
Project("{FAE04EC0-301F-11D3-BF4B-00C04F79EFBC}") = "AguaSB.Contratos.Views", "AguaSB.Contratos.Views\AguaSB.Contratos.Views.csproj", "{B2E0C68D-0175-4CF2-A610-4FBCC6C715A7}"
EndProject
Global
	GlobalSection(SolutionConfigurationPlatforms) = preSolution
		Debug|Any CPU = Debug|Any CPU
		Release|Any CPU = Release|Any CPU
	EndGlobalSection
	GlobalSection(ProjectConfigurationPlatforms) = postSolution
		{FC378380-823E-4FDE-8525-73C2D4992B3A}.Debug|Any CPU.ActiveCfg = Debug|Any CPU
		{FC378380-823E-4FDE-8525-73C2D4992B3A}.Debug|Any CPU.Build.0 = Debug|Any CPU
		{FC378380-823E-4FDE-8525-73C2D4992B3A}.Release|Any CPU.ActiveCfg = Release|Any CPU
		{FC378380-823E-4FDE-8525-73C2D4992B3A}.Release|Any CPU.Build.0 = Release|Any CPU
		{61188B63-728A-4C7B-B19D-11ABD1F64F4F}.Debug|Any CPU.ActiveCfg = Debug|Any CPU
		{61188B63-728A-4C7B-B19D-11ABD1F64F4F}.Debug|Any CPU.Build.0 = Debug|Any CPU
		{61188B63-728A-4C7B-B19D-11ABD1F64F4F}.Release|Any CPU.ActiveCfg = Release|Any CPU
		{61188B63-728A-4C7B-B19D-11ABD1F64F4F}.Release|Any CPU.Build.0 = Release|Any CPU
		{B51B553C-10D5-47EA-93BB-DECED914D5F6}.Debug|Any CPU.ActiveCfg = Debug|Any CPU
		{B51B553C-10D5-47EA-93BB-DECED914D5F6}.Debug|Any CPU.Build.0 = Debug|Any CPU
		{B51B553C-10D5-47EA-93BB-DECED914D5F6}.Release|Any CPU.ActiveCfg = Release|Any CPU
		{B51B553C-10D5-47EA-93BB-DECED914D5F6}.Release|Any CPU.Build.0 = Release|Any CPU
		{5608EDD1-CDEE-4331-A4D2-3BC6F88656E4}.Debug|Any CPU.ActiveCfg = Debug|Any CPU
		{5608EDD1-CDEE-4331-A4D2-3BC6F88656E4}.Debug|Any CPU.Build.0 = Debug|Any CPU
		{5608EDD1-CDEE-4331-A4D2-3BC6F88656E4}.Release|Any CPU.ActiveCfg = Release|Any CPU
		{5608EDD1-CDEE-4331-A4D2-3BC6F88656E4}.Release|Any CPU.Build.0 = Release|Any CPU
		{0B78E13E-F73B-4A97-8AF4-133A111E4416}.Debug|Any CPU.ActiveCfg = Debug|Any CPU
		{0B78E13E-F73B-4A97-8AF4-133A111E4416}.Debug|Any CPU.Build.0 = Debug|Any CPU
		{0B78E13E-F73B-4A97-8AF4-133A111E4416}.Release|Any CPU.ActiveCfg = Release|Any CPU
		{0B78E13E-F73B-4A97-8AF4-133A111E4416}.Release|Any CPU.Build.0 = Release|Any CPU
		{324D196B-579B-4A2C-8D44-A8DC6B9A1995}.Debug|Any CPU.ActiveCfg = Debug|Any CPU
		{324D196B-579B-4A2C-8D44-A8DC6B9A1995}.Debug|Any CPU.Build.0 = Debug|Any CPU
		{324D196B-579B-4A2C-8D44-A8DC6B9A1995}.Release|Any CPU.ActiveCfg = Release|Any CPU
		{324D196B-579B-4A2C-8D44-A8DC6B9A1995}.Release|Any CPU.Build.0 = Release|Any CPU
		{1D5A2FCA-1A34-42A8-9D7F-5C3132C71B50}.Debug|Any CPU.ActiveCfg = Debug|Any CPU
		{1D5A2FCA-1A34-42A8-9D7F-5C3132C71B50}.Debug|Any CPU.Build.0 = Debug|Any CPU
		{1D5A2FCA-1A34-42A8-9D7F-5C3132C71B50}.Release|Any CPU.ActiveCfg = Release|Any CPU
		{1D5A2FCA-1A34-42A8-9D7F-5C3132C71B50}.Release|Any CPU.Build.0 = Release|Any CPU
		{84C1223E-9EBC-41F4-A7D2-E447F7D6B188}.Debug|Any CPU.ActiveCfg = Debug|Any CPU
		{84C1223E-9EBC-41F4-A7D2-E447F7D6B188}.Debug|Any CPU.Build.0 = Debug|Any CPU
		{84C1223E-9EBC-41F4-A7D2-E447F7D6B188}.Release|Any CPU.ActiveCfg = Release|Any CPU
		{84C1223E-9EBC-41F4-A7D2-E447F7D6B188}.Release|Any CPU.Build.0 = Release|Any CPU
		{E5D9409A-5D0D-45D9-B899-2917B4003491}.Debug|Any CPU.ActiveCfg = Debug|Any CPU
		{E5D9409A-5D0D-45D9-B899-2917B4003491}.Debug|Any CPU.Build.0 = Debug|Any CPU
		{E5D9409A-5D0D-45D9-B899-2917B4003491}.Release|Any CPU.ActiveCfg = Release|Any CPU
		{E5D9409A-5D0D-45D9-B899-2917B4003491}.Release|Any CPU.Build.0 = Release|Any CPU
		{234E3065-289E-4BDC-AB89-356B81035ED8}.Debug|Any CPU.ActiveCfg = Debug|Any CPU
		{234E3065-289E-4BDC-AB89-356B81035ED8}.Debug|Any CPU.Build.0 = Debug|Any CPU
		{234E3065-289E-4BDC-AB89-356B81035ED8}.Release|Any CPU.ActiveCfg = Release|Any CPU
		{234E3065-289E-4BDC-AB89-356B81035ED8}.Release|Any CPU.Build.0 = Release|Any CPU
		{E912E081-7F7F-4B93-83AC-35F8FBF07DBE}.Debug|Any CPU.ActiveCfg = Debug|Any CPU
		{E912E081-7F7F-4B93-83AC-35F8FBF07DBE}.Debug|Any CPU.Build.0 = Debug|Any CPU
		{E912E081-7F7F-4B93-83AC-35F8FBF07DBE}.Release|Any CPU.ActiveCfg = Release|Any CPU
		{E912E081-7F7F-4B93-83AC-35F8FBF07DBE}.Release|Any CPU.Build.0 = Release|Any CPU
		{66436B98-0E59-4DF2-A29F-B14D157C1FA4}.Debug|Any CPU.ActiveCfg = Debug|Any CPU
		{66436B98-0E59-4DF2-A29F-B14D157C1FA4}.Debug|Any CPU.Build.0 = Debug|Any CPU
		{66436B98-0E59-4DF2-A29F-B14D157C1FA4}.Release|Any CPU.ActiveCfg = Release|Any CPU
		{66436B98-0E59-4DF2-A29F-B14D157C1FA4}.Release|Any CPU.Build.0 = Release|Any CPU
		{10E1E718-EA42-4519-BAA2-7CD3C21B442A}.Debug|Any CPU.ActiveCfg = Debug|Any CPU
		{10E1E718-EA42-4519-BAA2-7CD3C21B442A}.Debug|Any CPU.Build.0 = Debug|Any CPU
		{10E1E718-EA42-4519-BAA2-7CD3C21B442A}.Release|Any CPU.ActiveCfg = Release|Any CPU
		{10E1E718-EA42-4519-BAA2-7CD3C21B442A}.Release|Any CPU.Build.0 = Release|Any CPU
		{965235B6-229E-4AEE-A759-F16DD1EE58F1}.Debug|Any CPU.ActiveCfg = Debug|Any CPU
		{965235B6-229E-4AEE-A759-F16DD1EE58F1}.Debug|Any CPU.Build.0 = Debug|Any CPU
		{965235B6-229E-4AEE-A759-F16DD1EE58F1}.Release|Any CPU.ActiveCfg = Release|Any CPU
		{965235B6-229E-4AEE-A759-F16DD1EE58F1}.Release|Any CPU.Build.0 = Release|Any CPU
		{2FB7CB7E-CAB1-47CC-A509-8DAA4408B580}.Debug|Any CPU.ActiveCfg = Debug|Any CPU
		{2FB7CB7E-CAB1-47CC-A509-8DAA4408B580}.Debug|Any CPU.Build.0 = Debug|Any CPU
		{2FB7CB7E-CAB1-47CC-A509-8DAA4408B580}.Release|Any CPU.ActiveCfg = Release|Any CPU
		{2FB7CB7E-CAB1-47CC-A509-8DAA4408B580}.Release|Any CPU.Build.0 = Release|Any CPU
		{39485A38-6CB1-40ED-BBC4-E4E2B8F1F74F}.Debug|Any CPU.ActiveCfg = Debug|Any CPU
		{39485A38-6CB1-40ED-BBC4-E4E2B8F1F74F}.Debug|Any CPU.Build.0 = Debug|Any CPU
		{39485A38-6CB1-40ED-BBC4-E4E2B8F1F74F}.Release|Any CPU.ActiveCfg = Release|Any CPU
		{39485A38-6CB1-40ED-BBC4-E4E2B8F1F74F}.Release|Any CPU.Build.0 = Release|Any CPU
		{EE89AE19-8F49-4F82-BEAB-6A8A75D1F907}.Debug|Any CPU.ActiveCfg = Debug|Any CPU
		{EE89AE19-8F49-4F82-BEAB-6A8A75D1F907}.Debug|Any CPU.Build.0 = Debug|Any CPU
		{EE89AE19-8F49-4F82-BEAB-6A8A75D1F907}.Release|Any CPU.ActiveCfg = Release|Any CPU
		{EE89AE19-8F49-4F82-BEAB-6A8A75D1F907}.Release|Any CPU.Build.0 = Release|Any CPU
		{B2E0C68D-0175-4CF2-A610-4FBCC6C715A7}.Debug|Any CPU.ActiveCfg = Debug|Any CPU
		{B2E0C68D-0175-4CF2-A610-4FBCC6C715A7}.Debug|Any CPU.Build.0 = Debug|Any CPU
		{B2E0C68D-0175-4CF2-A610-4FBCC6C715A7}.Release|Any CPU.ActiveCfg = Release|Any CPU
		{B2E0C68D-0175-4CF2-A610-4FBCC6C715A7}.Release|Any CPU.Build.0 = Release|Any CPU
	EndGlobalSection
	GlobalSection(SolutionProperties) = preSolution
		HideSolutionNode = FALSE
	EndGlobalSection
	GlobalSection(ExtensibilityGlobals) = postSolution
		SolutionGuid = {AB8E59BD-E37F-4EC8-92A8-48AFB0D42481}
	EndGlobalSection
EndGlobal
